PODS:
  - AudioKit/Core (4.5.4)
  - SwiftSocket (2.0.2)

DEPENDENCIES:
  - AudioKit/Core
  - SwiftSocket

SPEC REPOS:
  https://github.com/cocoapods/specs.git:
    - AudioKit
    - SwiftSocket

SPEC CHECKSUMS:
  AudioKit: af3f5b73e22f85f3cd03076fea8afbb9658f0938
  SwiftSocket: 6f4c9c63fbc5c1d61188936bb3c599fd546f40ae

PODFILE CHECKSUM: 921c37402c4acdca21cbff753882824ef2c73c2e

COCOAPODS: 1.5.3
