PODS:
  - AudioKit/Core (4.5.4)
  - Repeat (0.5.7)
  - SwiftSocket (2.0.2)

DEPENDENCIES:
  - AudioKit/Core
  - Repeat
  - SwiftSocket

SPEC REPOS:
  https://github.com/cocoapods/specs.git:
    - AudioKit
    - Repeat
    - SwiftSocket

SPEC CHECKSUMS:
  AudioKit: af3f5b73e22f85f3cd03076fea8afbb9658f0938
  Repeat: 73c5ee602aed8f3c7bf1aa12d4cd0d3dc3edea0a
  SwiftSocket: 6f4c9c63fbc5c1d61188936bb3c599fd546f40ae

PODFILE CHECKSUM: b74b8d6f1b6531fd64998d22689e44775fbdd0da

COCOAPODS: 1.5.3
