// !$*UTF8*$!
{
	archiveVersion = 1;
	classes = {
	};
	objectVersion = 50;
	objects = {

/* Begin PBXBuildFile section */
		390C106421B734FA007BB462 /* EmitterStreamController.swift in Sources */ = {isa = PBXBuildFile; fileRef = 390C106321B734FA007BB462 /* EmitterStreamController.swift */; };
		393F3B5121B37DB9008025AA /* SpeechRecognizer.swift in Sources */ = {isa = PBXBuildFile; fileRef = 393F3B4F21B37DB9008025AA /* SpeechRecognizer.swift */; };
		393F3B5221B37DB9008025AA /* SpeechRecognizerDelegate.swift in Sources */ = {isa = PBXBuildFile; fileRef = 393F3B5021B37DB9008025AA /* SpeechRecognizerDelegate.swift */; };
		393F3B5421B4A0B1008025AA /* SettingsController.swift in Sources */ = {isa = PBXBuildFile; fileRef = 393F3B5321B4A0B1008025AA /* SettingsController.swift */; };
		393F3B5621B59E5E008025AA /* DataFlowDefaults.swift in Sources */ = {isa = PBXBuildFile; fileRef = 393F3B5521B59E5E008025AA /* DataFlowDefaults.swift */; };
		393F3B5921B5EC3D008025AA /* Socket.swift in Sources */ = {isa = PBXBuildFile; fileRef = 393F3B5821B5EC3D008025AA /* Socket.swift */; };
		393F3B5B21B5ED3F008025AA /* MultipeerServer.swift in Sources */ = {isa = PBXBuildFile; fileRef = 393F3B5A21B5ED3F008025AA /* MultipeerServer.swift */; };
		393F3B6321B5F0F9008025AA /* TabBarController.swift in Sources */ = {isa = PBXBuildFile; fileRef = 393F3B6221B5F0F9008025AA /* TabBarController.swift */; };
		393F3B6521B5F487008025AA /* ReceiverController.swift in Sources */ = {isa = PBXBuildFile; fileRef = 393F3B6421B5F487008025AA /* ReceiverController.swift */; };
		393F3B6721B5F4A3008025AA /* EmitterController.swift in Sources */ = {isa = PBXBuildFile; fileRef = 393F3B6621B5F4A2008025AA /* EmitterController.swift */; };
		39432E9F21B7479A00DCDF6A /* ReceiverConnectedStreamController.swift in Sources */ = {isa = PBXBuildFile; fileRef = 39432E9E21B7479A00DCDF6A /* ReceiverConnectedStreamController.swift */; };
		39432EA121B74D0100DCDF6A /* App.swift in Sources */ = {isa = PBXBuildFile; fileRef = 39432EA021B74D0100DCDF6A /* App.swift */; };
		3980219F21B7862C00DFD3D0 /* ReceiverNotConnectedStreamController.swift in Sources */ = {isa = PBXBuildFile; fileRef = 3980219E21B7862C00DFD3D0 /* ReceiverNotConnectedStreamController.swift */; };
		398021A121B798C400DFD3D0 /* Data.swift in Sources */ = {isa = PBXBuildFile; fileRef = 398021A021B798C400DFD3D0 /* Data.swift */; };
		398088C821BB448C003AB6EB /* EmotionClassifierModel.mlmodel in Sources */ = {isa = PBXBuildFile; fileRef = 398088C721BB448C003AB6EB /* EmotionClassifierModel.mlmodel */; };
		39929A7721AF3A1100CB306C /* AppDelegate.swift in Sources */ = {isa = PBXBuildFile; fileRef = 39929A7621AF3A1100CB306C /* AppDelegate.swift */; };
		39929A7C21AF3A1100CB306C /* Main.storyboard in Resources */ = {isa = PBXBuildFile; fileRef = 39929A7A21AF3A1100CB306C /* Main.storyboard */; };
		39929A8121AF3A1200CB306C /* LaunchScreen.storyboard in Resources */ = {isa = PBXBuildFile; fileRef = 39929A7F21AF3A1200CB306C /* LaunchScreen.storyboard */; };
		39C17DF221BD9311003730CE /* Assets.xcassets in Resources */ = {isa = PBXBuildFile; fileRef = 39C17DF121BD9311003730CE /* Assets.xcassets */; };
		39C17DF421BD935E003730CE /* AudioListeningEngine.swift in Sources */ = {isa = PBXBuildFile; fileRef = 39C17DF321BD935E003730CE /* AudioListeningEngine.swift */; };
		39C17DF621BD978B003730CE /* AudioListeningEngineDelegate.swift in Sources */ = {isa = PBXBuildFile; fileRef = 39C17DF521BD978B003730CE /* AudioListeningEngineDelegate.swift */; };
		39E3D15521B340C900E80D56 /* Notifications.swift in Sources */ = {isa = PBXBuildFile; fileRef = 39E3D15421B340C900E80D56 /* Notifications.swift */; };
		39E82A9F21AF5D630094E1E2 /* RecordingData.swift in Sources */ = {isa = PBXBuildFile; fileRef = 39E82A9E21AF5D630094E1E2 /* RecordingData.swift */; };
		39E82AA121AF5DED0094E1E2 /* DataHolder.swift in Sources */ = {isa = PBXBuildFile; fileRef = 39E82AA021AF5DED0094E1E2 /* DataHolder.swift */; };
		39F2527A21B884FF00B065F6 /* SocketDelegate.swift in Sources */ = {isa = PBXBuildFile; fileRef = 39F2527921B884FF00B065F6 /* SocketDelegate.swift */; };
		39F2527D21B8977500B065F6 /* MultipeerDelegate.swift in Sources */ = {isa = PBXBuildFile; fileRef = 39F2527C21B8977500B065F6 /* MultipeerDelegate.swift */; };
		39F2527F21B89EAD00B065F6 /* MultipeerClient.swift in Sources */ = {isa = PBXBuildFile; fileRef = 39F2527E21B89EAD00B065F6 /* MultipeerClient.swift */; };
		39F2528121B89F4400B065F6 /* MultipeerDevice.swift in Sources */ = {isa = PBXBuildFile; fileRef = 39F2528021B89F4400B065F6 /* MultipeerDevice.swift */; };
		39F2528321B97DF500B065F6 /* streamEmitterDelegate.swift in Sources */ = {isa = PBXBuildFile; fileRef = 39F2528221B97DF500B065F6 /* streamEmitterDelegate.swift */; };
		39F2528521B9D00900B065F6 /* AVAudioPCMBuffer.swift in Sources */ = {isa = PBXBuildFile; fileRef = 39F2528421B9D00900B065F6 /* AVAudioPCMBuffer.swift */; };
		6275D96ADB2CF51D999B6C93 /* Pods_dataflow.framework in Frameworks */ = {isa = PBXBuildFile; fileRef = 96FC48E3EC7444B50AED8356 /* Pods_dataflow.framework */; };
		D73E9CAA21BCA9D500039B11 /* DFExtractedDataView.swift in Sources */ = {isa = PBXBuildFile; fileRef = D73E9CA921BCA9D500039B11 /* DFExtractedDataView.swift */; };
		D77224AD21BC74C5007E3059 /* EmotionClassifier.swift in Sources */ = {isa = PBXBuildFile; fileRef = D77224AC21BC74C5007E3059 /* EmotionClassifier.swift */; };
		D7BF963D21BDC22700EA60D9 /* DFBorderedButton.swift in Sources */ = {isa = PBXBuildFile; fileRef = D7BF963C21BDC22700EA60D9 /* DFBorderedButton.swift */; };
		D7BF963F21BDE88500EA60D9 /* NativeAudioEngine.swift in Sources */ = {isa = PBXBuildFile; fileRef = D7BF963E21BDE88500EA60D9 /* NativeAudioEngine.swift */; };
		D7BF964121BDEB0C00EA60D9 /* NativeAudioEngineDelegate.swift in Sources */ = {isa = PBXBuildFile; fileRef = D7BF964021BDEB0C00EA60D9 /* NativeAudioEngineDelegate.swift */; };
		D7D0902D21BA0BE50061FCA8 /* AudioStreamReader.swift in Sources */ = {isa = PBXBuildFile; fileRef = D7D0902C21BA0BE50061FCA8 /* AudioStreamReader.swift */; };
/* End PBXBuildFile section */

/* Begin PBXFileReference section */
		3906004421B8661F006240C5 /* dataflow-Bridging-Header.h */ = {isa = PBXFileReference; lastKnownFileType = sourcecode.c.h; path = "dataflow-Bridging-Header.h"; sourceTree = "<group>"; };
		390C106321B734FA007BB462 /* EmitterStreamController.swift */ = {isa = PBXFileReference; lastKnownFileType = sourcecode.swift; path = EmitterStreamController.swift; sourceTree = "<group>"; };
		393F3B4F21B37DB9008025AA /* SpeechRecognizer.swift */ = {isa = PBXFileReference; fileEncoding = 4; lastKnownFileType = sourcecode.swift; path = SpeechRecognizer.swift; sourceTree = "<group>"; };
		393F3B5021B37DB9008025AA /* SpeechRecognizerDelegate.swift */ = {isa = PBXFileReference; fileEncoding = 4; lastKnownFileType = sourcecode.swift; path = SpeechRecognizerDelegate.swift; sourceTree = "<group>"; };
		393F3B5321B4A0B1008025AA /* SettingsController.swift */ = {isa = PBXFileReference; lastKnownFileType = sourcecode.swift; path = SettingsController.swift; sourceTree = "<group>"; };
		393F3B5521B59E5E008025AA /* DataFlowDefaults.swift */ = {isa = PBXFileReference; lastKnownFileType = sourcecode.swift; path = DataFlowDefaults.swift; sourceTree = "<group>"; };
		393F3B5821B5EC3D008025AA /* Socket.swift */ = {isa = PBXFileReference; lastKnownFileType = sourcecode.swift; path = Socket.swift; sourceTree = "<group>"; };
		393F3B5A21B5ED3F008025AA /* MultipeerServer.swift */ = {isa = PBXFileReference; lastKnownFileType = sourcecode.swift; path = MultipeerServer.swift; sourceTree = "<group>"; };
		393F3B6221B5F0F9008025AA /* TabBarController.swift */ = {isa = PBXFileReference; lastKnownFileType = sourcecode.swift; path = TabBarController.swift; sourceTree = "<group>"; };
		393F3B6421B5F487008025AA /* ReceiverController.swift */ = {isa = PBXFileReference; lastKnownFileType = sourcecode.swift; path = ReceiverController.swift; sourceTree = "<group>"; };
		393F3B6621B5F4A2008025AA /* EmitterController.swift */ = {isa = PBXFileReference; fileEncoding = 4; lastKnownFileType = sourcecode.swift; path = EmitterController.swift; sourceTree = "<group>"; };
		39432E9E21B7479A00DCDF6A /* ReceiverConnectedStreamController.swift */ = {isa = PBXFileReference; lastKnownFileType = sourcecode.swift; path = ReceiverConnectedStreamController.swift; sourceTree = "<group>"; };
		39432EA021B74D0100DCDF6A /* App.swift */ = {isa = PBXFileReference; lastKnownFileType = sourcecode.swift; path = App.swift; sourceTree = "<group>"; };
		3980219E21B7862C00DFD3D0 /* ReceiverNotConnectedStreamController.swift */ = {isa = PBXFileReference; fileEncoding = 4; lastKnownFileType = sourcecode.swift; path = ReceiverNotConnectedStreamController.swift; sourceTree = "<group>"; };
		398021A021B798C400DFD3D0 /* Data.swift */ = {isa = PBXFileReference; lastKnownFileType = sourcecode.swift; path = Data.swift; sourceTree = "<group>"; };
		398088C721BB448C003AB6EB /* EmotionClassifierModel.mlmodel */ = {isa = PBXFileReference; lastKnownFileType = file.mlmodel; path = EmotionClassifierModel.mlmodel; sourceTree = "<group>"; };
		39929A7321AF3A1100CB306C /* dataflow.app */ = {isa = PBXFileReference; explicitFileType = wrapper.application; includeInIndex = 0; path = dataflow.app; sourceTree = BUILT_PRODUCTS_DIR; };
		39929A7621AF3A1100CB306C /* AppDelegate.swift */ = {isa = PBXFileReference; lastKnownFileType = sourcecode.swift; path = AppDelegate.swift; sourceTree = "<group>"; };
		39929A7B21AF3A1100CB306C /* Base */ = {isa = PBXFileReference; lastKnownFileType = file.storyboard; name = Base; path = Base.lproj/Main.storyboard; sourceTree = "<group>"; };
		39929A8021AF3A1200CB306C /* Base */ = {isa = PBXFileReference; lastKnownFileType = file.storyboard; name = Base; path = Base.lproj/LaunchScreen.storyboard; sourceTree = "<group>"; };
		39929A8221AF3A1200CB306C /* Info.plist */ = {isa = PBXFileReference; lastKnownFileType = text.plist.xml; path = Info.plist; sourceTree = "<group>"; };
		39C17DF121BD9311003730CE /* Assets.xcassets */ = {isa = PBXFileReference; lastKnownFileType = folder.assetcatalog; path = Assets.xcassets; sourceTree = "<group>"; };
		39C17DF321BD935E003730CE /* AudioListeningEngine.swift */ = {isa = PBXFileReference; lastKnownFileType = sourcecode.swift; path = AudioListeningEngine.swift; sourceTree = "<group>"; };
		39C17DF521BD978B003730CE /* AudioListeningEngineDelegate.swift */ = {isa = PBXFileReference; lastKnownFileType = sourcecode.swift; path = AudioListeningEngineDelegate.swift; sourceTree = "<group>"; };
		39E3D15421B340C900E80D56 /* Notifications.swift */ = {isa = PBXFileReference; lastKnownFileType = sourcecode.swift; path = Notifications.swift; sourceTree = "<group>"; };
		39E82A9E21AF5D630094E1E2 /* RecordingData.swift */ = {isa = PBXFileReference; lastKnownFileType = sourcecode.swift; path = RecordingData.swift; sourceTree = "<group>"; };
		39E82AA021AF5DED0094E1E2 /* DataHolder.swift */ = {isa = PBXFileReference; lastKnownFileType = sourcecode.swift; path = DataHolder.swift; sourceTree = "<group>"; };
		39F2527921B884FF00B065F6 /* SocketDelegate.swift */ = {isa = PBXFileReference; lastKnownFileType = sourcecode.swift; path = SocketDelegate.swift; sourceTree = "<group>"; };
		39F2527C21B8977500B065F6 /* MultipeerDelegate.swift */ = {isa = PBXFileReference; lastKnownFileType = sourcecode.swift; path = MultipeerDelegate.swift; sourceTree = "<group>"; };
		39F2527E21B89EAD00B065F6 /* MultipeerClient.swift */ = {isa = PBXFileReference; lastKnownFileType = sourcecode.swift; path = MultipeerClient.swift; sourceTree = "<group>"; };
		39F2528021B89F4400B065F6 /* MultipeerDevice.swift */ = {isa = PBXFileReference; lastKnownFileType = sourcecode.swift; path = MultipeerDevice.swift; sourceTree = "<group>"; };
		39F2528221B97DF500B065F6 /* streamEmitterDelegate.swift */ = {isa = PBXFileReference; lastKnownFileType = sourcecode.swift; path = streamEmitterDelegate.swift; sourceTree = "<group>"; };
		39F2528421B9D00900B065F6 /* AVAudioPCMBuffer.swift */ = {isa = PBXFileReference; lastKnownFileType = sourcecode.swift; path = AVAudioPCMBuffer.swift; sourceTree = "<group>"; };
		96FC48E3EC7444B50AED8356 /* Pods_dataflow.framework */ = {isa = PBXFileReference; explicitFileType = wrapper.framework; includeInIndex = 0; path = Pods_dataflow.framework; sourceTree = BUILT_PRODUCTS_DIR; };
		BD4DC7F9E183BE92969FF5BC /* Pods-dataflow.release.xcconfig */ = {isa = PBXFileReference; includeInIndex = 1; lastKnownFileType = text.xcconfig; name = "Pods-dataflow.release.xcconfig"; path = "Pods/Target Support Files/Pods-dataflow/Pods-dataflow.release.xcconfig"; sourceTree = "<group>"; };
		D73E9CA921BCA9D500039B11 /* DFExtractedDataView.swift */ = {isa = PBXFileReference; lastKnownFileType = sourcecode.swift; path = DFExtractedDataView.swift; sourceTree = "<group>"; };
		D77224AC21BC74C5007E3059 /* EmotionClassifier.swift */ = {isa = PBXFileReference; fileEncoding = 4; lastKnownFileType = sourcecode.swift; path = EmotionClassifier.swift; sourceTree = "<group>"; };
		D7BF963C21BDC22700EA60D9 /* DFBorderedButton.swift */ = {isa = PBXFileReference; fileEncoding = 4; lastKnownFileType = sourcecode.swift; path = DFBorderedButton.swift; sourceTree = "<group>"; };
		D7BF963E21BDE88500EA60D9 /* NativeAudioEngine.swift */ = {isa = PBXFileReference; lastKnownFileType = sourcecode.swift; path = NativeAudioEngine.swift; sourceTree = "<group>"; };
		D7BF964021BDEB0C00EA60D9 /* NativeAudioEngineDelegate.swift */ = {isa = PBXFileReference; lastKnownFileType = sourcecode.swift; path = NativeAudioEngineDelegate.swift; sourceTree = "<group>"; };
		D7D0902C21BA0BE50061FCA8 /* AudioStreamReader.swift */ = {isa = PBXFileReference; lastKnownFileType = sourcecode.swift; path = AudioStreamReader.swift; sourceTree = "<group>"; };
		EFFAEC75A692EAF3F1B633C5 /* Pods-dataflow.debug.xcconfig */ = {isa = PBXFileReference; includeInIndex = 1; lastKnownFileType = text.xcconfig; name = "Pods-dataflow.debug.xcconfig"; path = "Pods/Target Support Files/Pods-dataflow/Pods-dataflow.debug.xcconfig"; sourceTree = "<group>"; };
/* End PBXFileReference section */

/* Begin PBXFrameworksBuildPhase section */
		39929A7021AF3A1100CB306C /* Frameworks */ = {
			isa = PBXFrameworksBuildPhase;
			buildActionMask = 2147483647;
			files = (
				6275D96ADB2CF51D999B6C93 /* Pods_dataflow.framework in Frameworks */,
			);
			runOnlyForDeploymentPostprocessing = 0;
		};
/* End PBXFrameworksBuildPhase section */

/* Begin PBXGroup section */
		393F3B5721B5DB2E008025AA /* CommunicationEngine */ = {
			isa = PBXGroup;
			children = (
				39F2527B21B8974500B065F6 /* Multipeer */,
				39F2527821B884F000B065F6 /* Socket */,
			);
			path = CommunicationEngine;
			sourceTree = "<group>";
		};
		393F3B5C21B5F047008025AA /* Scenes */ = {
			isa = PBXGroup;
			children = (
				393F3B6B21B633BC008025AA /* Receiver */,
				393F3B6A21B633B1008025AA /* Emiter */,
				393F3B5321B4A0B1008025AA /* SettingsController.swift */,
				393F3B6221B5F0F9008025AA /* TabBarController.swift */,
			);
			path = Scenes;
			sourceTree = "<group>";
		};
		393F3B5D21B5F05B008025AA /* Engines */ = {
			isa = PBXGroup;
			children = (
				393F3B6021B5F08E008025AA /* AudioEngine */,
				393F3B5721B5DB2E008025AA /* CommunicationEngine */,
			);
			path = Engines;
			sourceTree = "<group>";
		};
		393F3B5F21B5F076008025AA /* Core */ = {
			isa = PBXGroup;
			children = (
				39929A7621AF3A1100CB306C /* AppDelegate.swift */,
				39432EA021B74D0100DCDF6A /* App.swift */,
			);
			path = Core;
			sourceTree = "<group>";
		};
		393F3B6021B5F08E008025AA /* AudioEngine */ = {
			isa = PBXGroup;
			children = (
				39E82A9E21AF5D630094E1E2 /* RecordingData.swift */,
				39E82AA021AF5DED0094E1E2 /* DataHolder.swift */,
				39929A8821AF3FAD00CB306C /* DataExtractors */,
				39C17DF321BD935E003730CE /* AudioListeningEngine.swift */,
				39C17DF521BD978B003730CE /* AudioListeningEngineDelegate.swift */,
				D7BF963E21BDE88500EA60D9 /* NativeAudioEngine.swift */,
				D7BF964021BDEB0C00EA60D9 /* NativeAudioEngineDelegate.swift */,
			);
			path = AudioEngine;
			sourceTree = "<group>";
		};
		393F3B6121B5F0B1008025AA /* Storyboard */ = {
			isa = PBXGroup;
			children = (
				39929A7F21AF3A1200CB306C /* LaunchScreen.storyboard */,
				39929A7A21AF3A1100CB306C /* Main.storyboard */,
			);
			path = Storyboard;
			sourceTree = "<group>";
		};
		393F3B6A21B633B1008025AA /* Emiter */ = {
			isa = PBXGroup;
			children = (
				393F3B6621B5F4A2008025AA /* EmitterController.swift */,
				390C106321B734FA007BB462 /* EmitterStreamController.swift */,
				39F2528221B97DF500B065F6 /* streamEmitterDelegate.swift */,
			);
			path = Emiter;
			sourceTree = "<group>";
		};
		393F3B6B21B633BC008025AA /* Receiver */ = {
			isa = PBXGroup;
			children = (
				39432E9E21B7479A00DCDF6A /* ReceiverConnectedStreamController.swift */,
				393F3B6421B5F487008025AA /* ReceiverController.swift */,
				3980219E21B7862C00DFD3D0 /* ReceiverNotConnectedStreamController.swift */,
				D7D0902C21BA0BE50061FCA8 /* AudioStreamReader.swift */,
			);
			path = Receiver;
			sourceTree = "<group>";
		};
		39929A6A21AF3A1100CB306C = {
			isa = PBXGroup;
			children = (
				39929A7521AF3A1100CB306C /* dataflow */,
				39929A7421AF3A1100CB306C /* Products */,
				39929A8921AF4AAF00CB306C /* Frameworks */,
				78624FCA1D403EF210BD0EB5 /* Pods */,
			);
			sourceTree = "<group>";
		};
		39929A7421AF3A1100CB306C /* Products */ = {
			isa = PBXGroup;
			children = (
				39929A7321AF3A1100CB306C /* dataflow.app */,
			);
			name = Products;
			sourceTree = "<group>";
		};
		39929A7521AF3A1100CB306C /* dataflow */ = {
			isa = PBXGroup;
			children = (
				39C17DF121BD9311003730CE /* Assets.xcassets */,
				3906004421B8661F006240C5 /* dataflow-Bridging-Header.h */,
				393F3B6121B5F0B1008025AA /* Storyboard */,
				393F3B5F21B5F076008025AA /* Core */,
				393F3B5D21B5F05B008025AA /* Engines */,
				39929A8221AF3A1200CB306C /* Info.plist */,
				393F3B5C21B5F047008025AA /* Scenes */,
				39E3D15321B340BF00E80D56 /* Utils */,
			);
			path = dataflow;
			sourceTree = "<group>";
		};
		39929A8821AF3FAD00CB306C /* DataExtractors */ = {
			isa = PBXGroup;
			children = (
				393F3B4F21B37DB9008025AA /* SpeechRecognizer.swift */,
				393F3B5021B37DB9008025AA /* SpeechRecognizerDelegate.swift */,
				D77224AC21BC74C5007E3059 /* EmotionClassifier.swift */,
				398088C721BB448C003AB6EB /* EmotionClassifierModel.mlmodel */,
			);
			path = DataExtractors;
			sourceTree = "<group>";
		};
		39929A8921AF4AAF00CB306C /* Frameworks */ = {
			isa = PBXGroup;
			children = (
				96FC48E3EC7444B50AED8356 /* Pods_dataflow.framework */,
			);
			name = Frameworks;
			sourceTree = "<group>";
		};
		39E3D15321B340BF00E80D56 /* Utils */ = {
			isa = PBXGroup;
			children = (
				D796A73921BCA9B300EEE335 /* UI */,
				39E3D15421B340C900E80D56 /* Notifications.swift */,
				393F3B5521B59E5E008025AA /* DataFlowDefaults.swift */,
				398021A021B798C400DFD3D0 /* Data.swift */,
				39F2528421B9D00900B065F6 /* AVAudioPCMBuffer.swift */,
			);
			path = Utils;
			sourceTree = "<group>";
		};
		39F2527821B884F000B065F6 /* Socket */ = {
			isa = PBXGroup;
			children = (
				393F3B5821B5EC3D008025AA /* Socket.swift */,
				39F2527921B884FF00B065F6 /* SocketDelegate.swift */,
			);
			path = Socket;
			sourceTree = "<group>";
		};
		39F2527B21B8974500B065F6 /* Multipeer */ = {
			isa = PBXGroup;
			children = (
				393F3B5A21B5ED3F008025AA /* MultipeerServer.swift */,
				39F2527C21B8977500B065F6 /* MultipeerDelegate.swift */,
				39F2527E21B89EAD00B065F6 /* MultipeerClient.swift */,
				39F2528021B89F4400B065F6 /* MultipeerDevice.swift */,
			);
			path = Multipeer;
			sourceTree = "<group>";
		};
		78624FCA1D403EF210BD0EB5 /* Pods */ = {
			isa = PBXGroup;
			children = (
				EFFAEC75A692EAF3F1B633C5 /* Pods-dataflow.debug.xcconfig */,
				BD4DC7F9E183BE92969FF5BC /* Pods-dataflow.release.xcconfig */,
			);
			name = Pods;
			sourceTree = "<group>";
		};
		D796A73921BCA9B300EEE335 /* UI */ = {
			isa = PBXGroup;
			children = (
				D7BF963C21BDC22700EA60D9 /* DFBorderedButton.swift */,
				D73E9CA921BCA9D500039B11 /* DFExtractedDataView.swift */,
			);
			path = UI;
			sourceTree = "<group>";
		};
/* End PBXGroup section */

/* Begin PBXNativeTarget section */
		39929A7221AF3A1100CB306C /* dataflow */ = {
			isa = PBXNativeTarget;
			buildConfigurationList = 39929A8521AF3A1200CB306C /* Build configuration list for PBXNativeTarget "dataflow" */;
			buildPhases = (
				4E28EBFF219D236A06F11837 /* [CP] Check Pods Manifest.lock */,
				39929A6F21AF3A1100CB306C /* Sources */,
				39929A7021AF3A1100CB306C /* Frameworks */,
				39929A7121AF3A1100CB306C /* Resources */,
				74C30EBB44E82364AAFD5997 /* [CP] Embed Pods Frameworks */,
			);
			buildRules = (
			);
			dependencies = (
			);
			name = dataflow;
			productName = "dataflow-emitter";
			productReference = 39929A7321AF3A1100CB306C /* dataflow.app */;
			productType = "com.apple.product-type.application";
		};
/* End PBXNativeTarget section */

/* Begin PBXProject section */
		39929A6B21AF3A1100CB306C /* Project object */ = {
			isa = PBXProject;
			attributes = {
				LastSwiftUpdateCheck = 1010;
				LastUpgradeCheck = 1010;
				ORGANIZATIONNAME = Prisme;
				TargetAttributes = {
					39929A7221AF3A1100CB306C = {
						CreatedOnToolsVersion = 10.1;
						LastSwiftMigration = 1010;
						SystemCapabilities = {
							com.apple.InterAppAudio = {
								enabled = 0;
							};
						};
					};
				};
			};
			buildConfigurationList = 39929A6E21AF3A1100CB306C /* Build configuration list for PBXProject "dataflow" */;
			compatibilityVersion = "Xcode 9.3";
			developmentRegion = en;
			hasScannedForEncodings = 0;
			knownRegions = (
				en,
				Base,
			);
			mainGroup = 39929A6A21AF3A1100CB306C;
			productRefGroup = 39929A7421AF3A1100CB306C /* Products */;
			projectDirPath = "";
			projectRoot = "";
			targets = (
				39929A7221AF3A1100CB306C /* dataflow */,
			);
		};
/* End PBXProject section */

/* Begin PBXResourcesBuildPhase section */
		39929A7121AF3A1100CB306C /* Resources */ = {
			isa = PBXResourcesBuildPhase;
			buildActionMask = 2147483647;
			files = (
				39929A8121AF3A1200CB306C /* LaunchScreen.storyboard in Resources */,
				39C17DF221BD9311003730CE /* Assets.xcassets in Resources */,
				39929A7C21AF3A1100CB306C /* Main.storyboard in Resources */,
			);
			runOnlyForDeploymentPostprocessing = 0;
		};
/* End PBXResourcesBuildPhase section */

/* Begin PBXShellScriptBuildPhase section */
		4E28EBFF219D236A06F11837 /* [CP] Check Pods Manifest.lock */ = {
			isa = PBXShellScriptBuildPhase;
			buildActionMask = 2147483647;
			files = (
			);
			inputFileListPaths = (
			);
			inputPaths = (
				"${PODS_PODFILE_DIR_PATH}/Podfile.lock",
				"${PODS_ROOT}/Manifest.lock",
			);
			name = "[CP] Check Pods Manifest.lock";
			outputFileListPaths = (
			);
			outputPaths = (
				"$(DERIVED_FILE_DIR)/Pods-dataflow-checkManifestLockResult.txt",
			);
			runOnlyForDeploymentPostprocessing = 0;
			shellPath = /bin/sh;
			shellScript = "diff \"${PODS_PODFILE_DIR_PATH}/Podfile.lock\" \"${PODS_ROOT}/Manifest.lock\" > /dev/null\nif [ $? != 0 ] ; then\n    # print error to STDERR\n    echo \"error: The sandbox is not in sync with the Podfile.lock. Run 'pod install' or update your CocoaPods installation.\" >&2\n    exit 1\nfi\n# This output is used by Xcode 'outputs' to avoid re-running this script phase.\necho \"SUCCESS\" > \"${SCRIPT_OUTPUT_FILE_0}\"\n";
			showEnvVarsInLog = 0;
		};
		74C30EBB44E82364AAFD5997 /* [CP] Embed Pods Frameworks */ = {
			isa = PBXShellScriptBuildPhase;
			buildActionMask = 2147483647;
			files = (
			);
			inputFileListPaths = (
			);
			inputPaths = (
				"${SRCROOT}/Pods/Target Support Files/Pods-dataflow/Pods-dataflow-frameworks.sh",
				"${BUILT_PRODUCTS_DIR}/Repeat/Repeat.framework",
				"${BUILT_PRODUCTS_DIR}/SwiftSocket/SwiftSocket.framework",
			);
			name = "[CP] Embed Pods Frameworks";
			outputFileListPaths = (
			);
			outputPaths = (
				"${TARGET_BUILD_DIR}/${FRAMEWORKS_FOLDER_PATH}/Repeat.framework",
				"${TARGET_BUILD_DIR}/${FRAMEWORKS_FOLDER_PATH}/SwiftSocket.framework",
			);
			runOnlyForDeploymentPostprocessing = 0;
			shellPath = /bin/sh;
			shellScript = "\"${SRCROOT}/Pods/Target Support Files/Pods-dataflow/Pods-dataflow-frameworks.sh\"\n";
			showEnvVarsInLog = 0;
		};
/* End PBXShellScriptBuildPhase section */

/* Begin PBXSourcesBuildPhase section */
		39929A6F21AF3A1100CB306C /* Sources */ = {
			isa = PBXSourcesBuildPhase;
			buildActionMask = 2147483647;
			files = (
				390C106421B734FA007BB462 /* EmitterStreamController.swift in Sources */,
				39F2528321B97DF500B065F6 /* streamEmitterDelegate.swift in Sources */,
				D73E9CAA21BCA9D500039B11 /* DFExtractedDataView.swift in Sources */,
				39F2527D21B8977500B065F6 /* MultipeerDelegate.swift in Sources */,
				39F2527F21B89EAD00B065F6 /* MultipeerClient.swift in Sources */,
				393F3B5121B37DB9008025AA /* SpeechRecognizer.swift in Sources */,
				3980219F21B7862C00DFD3D0 /* ReceiverNotConnectedStreamController.swift in Sources */,
				393F3B6321B5F0F9008025AA /* TabBarController.swift in Sources */,
				39E3D15521B340C900E80D56 /* Notifications.swift in Sources */,
				39C17DF621BD978B003730CE /* AudioListeningEngineDelegate.swift in Sources */,
				393F3B5421B4A0B1008025AA /* SettingsController.swift in Sources */,
				393F3B5B21B5ED3F008025AA /* MultipeerServer.swift in Sources */,
				D77224AD21BC74C5007E3059 /* EmotionClassifier.swift in Sources */,
				39C17DF421BD935E003730CE /* AudioListeningEngine.swift in Sources */,
				D7BF963F21BDE88500EA60D9 /* NativeAudioEngine.swift in Sources */,
				393F3B5221B37DB9008025AA /* SpeechRecognizerDelegate.swift in Sources */,
				D7BF964121BDEB0C00EA60D9 /* NativeAudioEngineDelegate.swift in Sources */,
				393F3B5921B5EC3D008025AA /* Socket.swift in Sources */,
				39F2528521B9D00900B065F6 /* AVAudioPCMBuffer.swift in Sources */,
				39F2527A21B884FF00B065F6 /* SocketDelegate.swift in Sources */,
				398088C821BB448C003AB6EB /* EmotionClassifierModel.mlmodel in Sources */,
				398021A121B798C400DFD3D0 /* Data.swift in Sources */,
				393F3B5621B59E5E008025AA /* DataFlowDefaults.swift in Sources */,
				39432E9F21B7479A00DCDF6A /* ReceiverConnectedStreamController.swift in Sources */,
				39432EA121B74D0100DCDF6A /* App.swift in Sources */,
				39E82AA121AF5DED0094E1E2 /* DataHolder.swift in Sources */,
				39929A7721AF3A1100CB306C /* AppDelegate.swift in Sources */,
				D7D0902D21BA0BE50061FCA8 /* AudioStreamReader.swift in Sources */,
				393F3B6521B5F487008025AA /* ReceiverController.swift in Sources */,
				393F3B6721B5F4A3008025AA /* EmitterController.swift in Sources */,
				39E82A9F21AF5D630094E1E2 /* RecordingData.swift in Sources */,
				D7BF963D21BDC22700EA60D9 /* DFBorderedButton.swift in Sources */,
				39F2528121B89F4400B065F6 /* MultipeerDevice.swift in Sources */,
			);
			runOnlyForDeploymentPostprocessing = 0;
		};
/* End PBXSourcesBuildPhase section */

/* Begin PBXVariantGroup section */
		39929A7A21AF3A1100CB306C /* Main.storyboard */ = {
			isa = PBXVariantGroup;
			children = (
				39929A7B21AF3A1100CB306C /* Base */,
			);
			name = Main.storyboard;
			sourceTree = "<group>";
		};
		39929A7F21AF3A1200CB306C /* LaunchScreen.storyboard */ = {
			isa = PBXVariantGroup;
			children = (
				39929A8021AF3A1200CB306C /* Base */,
			);
			name = LaunchScreen.storyboard;
			sourceTree = "<group>";
		};
/* End PBXVariantGroup section */

/* Begin XCBuildConfiguration section */
		39929A8321AF3A1200CB306C /* Debug */ = {
			isa = XCBuildConfiguration;
			buildSettings = {
				ALWAYS_SEARCH_USER_PATHS = NO;
				CLANG_ANALYZER_NONNULL = YES;
				CLANG_ANALYZER_NUMBER_OBJECT_CONVERSION = YES_AGGRESSIVE;
				CLANG_CXX_LANGUAGE_STANDARD = "gnu++14";
				CLANG_CXX_LIBRARY = "libc++";
				CLANG_ENABLE_MODULES = YES;
				CLANG_ENABLE_OBJC_ARC = YES;
				CLANG_ENABLE_OBJC_WEAK = YES;
				CLANG_WARN_BLOCK_CAPTURE_AUTORELEASING = YES;
				CLANG_WARN_BOOL_CONVERSION = YES;
				CLANG_WARN_COMMA = YES;
				CLANG_WARN_CONSTANT_CONVERSION = YES;
				CLANG_WARN_DEPRECATED_OBJC_IMPLEMENTATIONS = YES;
				CLANG_WARN_DIRECT_OBJC_ISA_USAGE = YES_ERROR;
				CLANG_WARN_DOCUMENTATION_COMMENTS = YES;
				CLANG_WARN_EMPTY_BODY = YES;
				CLANG_WARN_ENUM_CONVERSION = YES;
				CLANG_WARN_INFINITE_RECURSION = YES;
				CLANG_WARN_INT_CONVERSION = YES;
				CLANG_WARN_NON_LITERAL_NULL_CONVERSION = YES;
				CLANG_WARN_OBJC_IMPLICIT_RETAIN_SELF = YES;
				CLANG_WARN_OBJC_LITERAL_CONVERSION = YES;
				CLANG_WARN_OBJC_ROOT_CLASS = YES_ERROR;
				CLANG_WARN_RANGE_LOOP_ANALYSIS = YES;
				CLANG_WARN_STRICT_PROTOTYPES = YES;
				CLANG_WARN_SUSPICIOUS_MOVE = YES;
				CLANG_WARN_UNGUARDED_AVAILABILITY = YES_AGGRESSIVE;
				CLANG_WARN_UNREACHABLE_CODE = YES;
				CLANG_WARN__DUPLICATE_METHOD_MATCH = YES;
				CODE_SIGN_IDENTITY = "iPhone Developer";
				COPY_PHASE_STRIP = NO;
				DEBUG_INFORMATION_FORMAT = dwarf;
				ENABLE_STRICT_OBJC_MSGSEND = YES;
				ENABLE_TESTABILITY = YES;
				GCC_C_LANGUAGE_STANDARD = gnu11;
				GCC_DYNAMIC_NO_PIC = NO;
				GCC_NO_COMMON_BLOCKS = YES;
				GCC_OPTIMIZATION_LEVEL = 0;
				GCC_PREPROCESSOR_DEFINITIONS = (
					"DEBUG=1",
					"$(inherited)",
				);
				GCC_WARN_64_TO_32_BIT_CONVERSION = YES;
				GCC_WARN_ABOUT_RETURN_TYPE = YES_ERROR;
				GCC_WARN_UNDECLARED_SELECTOR = YES;
				GCC_WARN_UNINITIALIZED_AUTOS = YES_AGGRESSIVE;
				GCC_WARN_UNUSED_FUNCTION = YES;
				GCC_WARN_UNUSED_VARIABLE = YES;
				IPHONEOS_DEPLOYMENT_TARGET = 11.0;
				MTL_ENABLE_DEBUG_INFO = INCLUDE_SOURCE;
				MTL_FAST_MATH = YES;
				ONLY_ACTIVE_ARCH = YES;
				SDKROOT = iphoneos;
				SWIFT_ACTIVE_COMPILATION_CONDITIONS = DEBUG;
				SWIFT_OPTIMIZATION_LEVEL = "-Onone";
			};
			name = Debug;
		};
		39929A8421AF3A1200CB306C /* Release */ = {
			isa = XCBuildConfiguration;
			buildSettings = {
				ALWAYS_SEARCH_USER_PATHS = NO;
				CLANG_ANALYZER_NONNULL = YES;
				CLANG_ANALYZER_NUMBER_OBJECT_CONVERSION = YES_AGGRESSIVE;
				CLANG_CXX_LANGUAGE_STANDARD = "gnu++14";
				CLANG_CXX_LIBRARY = "libc++";
				CLANG_ENABLE_MODULES = YES;
				CLANG_ENABLE_OBJC_ARC = YES;
				CLANG_ENABLE_OBJC_WEAK = YES;
				CLANG_WARN_BLOCK_CAPTURE_AUTORELEASING = YES;
				CLANG_WARN_BOOL_CONVERSION = YES;
				CLANG_WARN_COMMA = YES;
				CLANG_WARN_CONSTANT_CONVERSION = YES;
				CLANG_WARN_DEPRECATED_OBJC_IMPLEMENTATIONS = YES;
				CLANG_WARN_DIRECT_OBJC_ISA_USAGE = YES_ERROR;
				CLANG_WARN_DOCUMENTATION_COMMENTS = YES;
				CLANG_WARN_EMPTY_BODY = YES;
				CLANG_WARN_ENUM_CONVERSION = YES;
				CLANG_WARN_INFINITE_RECURSION = YES;
				CLANG_WARN_INT_CONVERSION = YES;
				CLANG_WARN_NON_LITERAL_NULL_CONVERSION = YES;
				CLANG_WARN_OBJC_IMPLICIT_RETAIN_SELF = YES;
				CLANG_WARN_OBJC_LITERAL_CONVERSION = YES;
				CLANG_WARN_OBJC_ROOT_CLASS = YES_ERROR;
				CLANG_WARN_RANGE_LOOP_ANALYSIS = YES;
				CLANG_WARN_STRICT_PROTOTYPES = YES;
				CLANG_WARN_SUSPICIOUS_MOVE = YES;
				CLANG_WARN_UNGUARDED_AVAILABILITY = YES_AGGRESSIVE;
				CLANG_WARN_UNREACHABLE_CODE = YES;
				CLANG_WARN__DUPLICATE_METHOD_MATCH = YES;
				CODE_SIGN_IDENTITY = "iPhone Developer";
				COPY_PHASE_STRIP = NO;
				DEBUG_INFORMATION_FORMAT = "dwarf-with-dsym";
				ENABLE_NS_ASSERTIONS = NO;
				ENABLE_STRICT_OBJC_MSGSEND = YES;
				GCC_C_LANGUAGE_STANDARD = gnu11;
				GCC_NO_COMMON_BLOCKS = YES;
				GCC_WARN_64_TO_32_BIT_CONVERSION = YES;
				GCC_WARN_ABOUT_RETURN_TYPE = YES_ERROR;
				GCC_WARN_UNDECLARED_SELECTOR = YES;
				GCC_WARN_UNINITIALIZED_AUTOS = YES_AGGRESSIVE;
				GCC_WARN_UNUSED_FUNCTION = YES;
				GCC_WARN_UNUSED_VARIABLE = YES;
				IPHONEOS_DEPLOYMENT_TARGET = 11.0;
				MTL_ENABLE_DEBUG_INFO = NO;
				MTL_FAST_MATH = YES;
				SDKROOT = iphoneos;
				SWIFT_COMPILATION_MODE = wholemodule;
				SWIFT_OPTIMIZATION_LEVEL = "-O";
				VALIDATE_PRODUCT = YES;
			};
			name = Release;
		};
		39929A8621AF3A1200CB306C /* Debug */ = {
			isa = XCBuildConfiguration;
			baseConfigurationReference = EFFAEC75A692EAF3F1B633C5 /* Pods-dataflow.debug.xcconfig */;
			buildSettings = {
				ASSETCATALOG_COMPILER_APPICON_NAME = AppIcon;
				CLANG_ENABLE_MODULES = YES;
				CODE_SIGN_IDENTITY = "iPhone Developer";
				CODE_SIGN_STYLE = Automatic;
				DEVELOPMENT_TEAM = KJ993GM677;
				FRAMEWORK_SEARCH_PATHS = (
					"$(inherited)",
					"$(PROJECT_DIR)",
				);
				INFOPLIST_FILE = "$(SRCROOT)/dataflow/Info.plist";
				IPHONEOS_DEPLOYMENT_TARGET = 12.0;
				LD_RUNPATH_SEARCH_PATHS = (
					"$(inherited)",
					"@executable_path/Frameworks",
				);
				OTHER_LDFLAGS = "-lstdc++";
				PRODUCT_BUNDLE_IDENTIFIER = prisme.dataflow;
				PRODUCT_NAME = "$(TARGET_NAME)";
				PROVISIONING_PROFILE_SPECIFIER = "";
				SWIFT_OBJC_BRIDGING_HEADER = "dataflow/dataflow-Bridging-Header.h";
				SWIFT_OPTIMIZATION_LEVEL = "-Onone";
				SWIFT_VERSION = 4.2;
				TARGETED_DEVICE_FAMILY = "1,2";
			};
			name = Debug;
		};
		39929A8721AF3A1200CB306C /* Release */ = {
			isa = XCBuildConfiguration;
			baseConfigurationReference = BD4DC7F9E183BE92969FF5BC /* Pods-dataflow.release.xcconfig */;
			buildSettings = {
				ASSETCATALOG_COMPILER_APPICON_NAME = AppIcon;
				CLANG_ENABLE_MODULES = YES;
				CODE_SIGN_IDENTITY = "iPhone Developer";
				CODE_SIGN_STYLE = Automatic;
				DEVELOPMENT_TEAM = KJ993GM677;
				FRAMEWORK_SEARCH_PATHS = (
					"$(inherited)",
					"$(PROJECT_DIR)",
				);
				INFOPLIST_FILE = "$(SRCROOT)/dataflow/Info.plist";
				IPHONEOS_DEPLOYMENT_TARGET = 12.0;
				LD_RUNPATH_SEARCH_PATHS = (
					"$(inherited)",
					"@executable_path/Frameworks",
				);
				OTHER_LDFLAGS = "-lstdc++";
				PRODUCT_BUNDLE_IDENTIFIER = prisme.dataflow;
				PRODUCT_NAME = "$(TARGET_NAME)";
				PROVISIONING_PROFILE_SPECIFIER = "";
				SWIFT_OBJC_BRIDGING_HEADER = "dataflow/dataflow-Bridging-Header.h";
				SWIFT_VERSION = 4.2;
				TARGETED_DEVICE_FAMILY = "1,2";
			};
			name = Release;
		};
/* End XCBuildConfiguration section */

/* Begin XCConfigurationList section */
		39929A6E21AF3A1100CB306C /* Build configuration list for PBXProject "dataflow" */ = {
			isa = XCConfigurationList;
			buildConfigurations = (
				39929A8321AF3A1200CB306C /* Debug */,
				39929A8421AF3A1200CB306C /* Release */,
			);
			defaultConfigurationIsVisible = 0;
			defaultConfigurationName = Release;
		};
		39929A8521AF3A1200CB306C /* Build configuration list for PBXNativeTarget "dataflow" */ = {
			isa = XCConfigurationList;
			buildConfigurations = (
				39929A8621AF3A1200CB306C /* Debug */,
				39929A8721AF3A1200CB306C /* Release */,
			);
			defaultConfigurationIsVisible = 0;
			defaultConfigurationName = Release;
		};
/* End XCConfigurationList section */
	};
	rootObject = 39929A6B21AF3A1100CB306C /* Project object */;
}
